{
  "name": "gcs",
  "version": "1.5.0",
  "lockfileVersion": 3,
  "requires": true,
  "packages": {
    "": {
      "name": "gcs",
      "version": "1.5.0",
      "dependencies": {
        "@tauri-apps/plugin-fs": "^2.0.0-beta.2",
        "@tauri-apps/plugin-notification": "^2.0.0-beta.2",
        "@tauri-apps/plugin-process": "^2.0.0-beta.2",
        "@tauri-apps/plugin-shell": "^2.0.0-beta.2"
      },
      "devDependencies": {
        "@tauri-apps/cli": "^2.0.0-beta.13"
      }
    },
    "node_modules/@tauri-apps/api": {
      "version": "2.0.0-beta.15",
      "resolved": "https://registry.npmjs.org/@tauri-apps/api/-/api-2.0.0-beta.15.tgz",
      "integrity": "sha512-H9w6iISmR+NvH4XuyCZB4zDN10tf9RFt6i/9JHEjaRhAowdAaJ+oiXq/3kedizNClHMtbTQ5j0oqDVPkZDAI8g==",
      "engines": {
        "node": ">= 18.18",
        "npm": ">= 6.6.0",
        "yarn": ">= 1.19.1"
      },
      "funding": {
        "type": "opencollective",
        "url": "https://opencollective.com/tauri"
      }
    },
    "node_modules/@tauri-apps/cli": {
      "version": "2.0.0-beta.23",
      "resolved": "https://registry.npmjs.org/@tauri-apps/cli/-/cli-2.0.0-beta.23.tgz",
      "integrity": "sha512-6p15budG+2oZIlq/ZqgX08/v/afHTWug1cdf+r5FXCKnyK8HrLhqoRVDFTP8UmuG6INjl8V/6BhcKN01R8hXiw==",
      "dev": true,
      "bin": {
        "tauri": "tauri.js"
      },
      "engines": {
        "node": ">= 10"
      },
      "funding": {
        "type": "opencollective",
        "url": "https://opencollective.com/tauri"
      },
      "optionalDependencies": {
        "@tauri-apps/cli-darwin-arm64": "2.0.0-beta.23",
        "@tauri-apps/cli-darwin-x64": "2.0.0-beta.23",
        "@tauri-apps/cli-linux-arm-gnueabihf": "2.0.0-beta.23",
        "@tauri-apps/cli-linux-arm64-gnu": "2.0.0-beta.23",
        "@tauri-apps/cli-linux-arm64-musl": "2.0.0-beta.23",
        "@tauri-apps/cli-linux-x64-gnu": "2.0.0-beta.23",
        "@tauri-apps/cli-linux-x64-musl": "2.0.0-beta.23",
        "@tauri-apps/cli-win32-arm64-msvc": "2.0.0-beta.23",
        "@tauri-apps/cli-win32-ia32-msvc": "2.0.0-beta.23",
        "@tauri-apps/cli-win32-x64-msvc": "2.0.0-beta.23"
      }
    },
    "node_modules/@tauri-apps/cli-darwin-arm64": {
      "version": "2.0.0-beta.23",
      "resolved": "https://registry.npmjs.org/@tauri-apps/cli-darwin-arm64/-/cli-darwin-arm64-2.0.0-beta.23.tgz",
      "integrity": "sha512-Ppt76xF2SeXdkzgYdIo/UZwkvj76G33MCX9ouqqIlTVqj1FUWYLnHqUh9iCbav98NI3WzhMpNtxzRJq++7/qmw==",
      "cpu": [
        "arm64"
      ],
      "dev": true,
      "optional": true,
      "os": [
        "darwin"
      ],
      "engines": {
        "node": ">= 10"
      }
    },
    "node_modules/@tauri-apps/cli-darwin-x64": {
      "version": "2.0.0-beta.23",
      "resolved": "https://registry.npmjs.org/@tauri-apps/cli-darwin-x64/-/cli-darwin-x64-2.0.0-beta.23.tgz",
      "integrity": "sha512-mfj0NVN90JtluiGcupGy450Hn0YAHOjH1blA+4C3UniM0otmhdGMrbl5szhVFdWj6xmpaB8B2HmgUOgSuvVbzQ==",
      "cpu": [
        "x64"
      ],
      "dev": true,
      "optional": true,
      "os": [
        "darwin"
      ],
      "engines": {
        "node": ">= 10"
      }
    },
    "node_modules/@tauri-apps/cli-linux-arm-gnueabihf": {
      "version": "2.0.0-beta.23",
      "resolved": "https://registry.npmjs.org/@tauri-apps/cli-linux-arm-gnueabihf/-/cli-linux-arm-gnueabihf-2.0.0-beta.23.tgz",
      "integrity": "sha512-K8yZen+M4X8hPDiXlXi5tYHMeJ6A4tmmVDAA84iNJndMpTbI2Mrveprnjekzeu3l7qTMZd6W44TtMXUODH+4Tw==",
      "cpu": [
        "arm"
      ],
      "dev": true,
      "optional": true,
      "os": [
        "linux"
      ],
      "engines": {
        "node": ">= 10"
      }
    },
    "node_modules/@tauri-apps/cli-linux-arm64-gnu": {
      "version": "2.0.0-beta.23",
      "resolved": "https://registry.npmjs.org/@tauri-apps/cli-linux-arm64-gnu/-/cli-linux-arm64-gnu-2.0.0-beta.23.tgz",
      "integrity": "sha512-1+P1KVMNszPC2y6LXXAnm8i11rye/XjJYqNUoEIAp5jRiaQmm5xmaA61QeWSVWtbEmKM44kK9j1eOkZQWs6HzQ==",
      "cpu": [
        "arm64"
      ],
      "dev": true,
      "optional": true,
      "os": [
        "linux"
      ],
      "engines": {
        "node": ">= 10"
      }
    },
    "node_modules/@tauri-apps/cli-linux-arm64-musl": {
      "version": "2.0.0-beta.23",
      "resolved": "https://registry.npmjs.org/@tauri-apps/cli-linux-arm64-musl/-/cli-linux-arm64-musl-2.0.0-beta.23.tgz",
      "integrity": "sha512-x9aH0t1liyL+fv2I22gd1XKR8v5St9x8t3d2Jcjw6IK3EUIiHY5KEdif/5UTHsmlkjLu/d40ssLgcaXH5rk+iQ==",
      "cpu": [
        "arm64"
      ],
      "dev": true,
      "optional": true,
      "os": [
        "linux"
      ],
      "engines": {
        "node": ">= 10"
      }
    },
    "node_modules/@tauri-apps/cli-linux-x64-gnu": {
      "version": "2.0.0-beta.23",
      "resolved": "https://registry.npmjs.org/@tauri-apps/cli-linux-x64-gnu/-/cli-linux-x64-gnu-2.0.0-beta.23.tgz",
      "integrity": "sha512-NMiU5Ep6aXSkaO2B023/XzoA0FTwuMqOpxUE+T4pvLld1zE+7brvHzSoQ0pXlppALyWMfH0CWX/2xnhVpQwJxA==",
      "cpu": [
        "x64"
      ],
      "dev": true,
      "optional": true,
      "os": [
        "linux"
      ],
      "engines": {
        "node": ">= 10"
      }
    },
    "node_modules/@tauri-apps/cli-linux-x64-musl": {
      "version": "2.0.0-beta.23",
      "resolved": "https://registry.npmjs.org/@tauri-apps/cli-linux-x64-musl/-/cli-linux-x64-musl-2.0.0-beta.23.tgz",
      "integrity": "sha512-iPLalS0zv2NwG8c0focKs1m90p2xpvI21vwYTp564G5K1RDJ7eOVCKQpKiHdanSruieRjA/o21dJ2DUAzQkQpA==",
      "cpu": [
        "x64"
      ],
      "dev": true,
      "optional": true,
      "os": [
        "linux"
      ],
      "engines": {
        "node": ">= 10"
      }
    },
    "node_modules/@tauri-apps/cli-win32-arm64-msvc": {
      "version": "2.0.0-beta.23",
      "resolved": "https://registry.npmjs.org/@tauri-apps/cli-win32-arm64-msvc/-/cli-win32-arm64-msvc-2.0.0-beta.23.tgz",
      "integrity": "sha512-RUwrwhb/cVelqkq5/Isq9SeXk5PJ15TNNr+A3EMcWN+eNOtHQimNM9xqSzXMwwNPExuvSOIDpnHWBQPd7FQ+nw==",
      "cpu": [
        "arm64"
      ],
      "dev": true,
      "optional": true,
      "os": [
        "win32"
      ],
      "engines": {
        "node": ">= 10"
      }
    },
    "node_modules/@tauri-apps/cli-win32-ia32-msvc": {
      "version": "2.0.0-beta.23",
      "resolved": "https://registry.npmjs.org/@tauri-apps/cli-win32-ia32-msvc/-/cli-win32-ia32-msvc-2.0.0-beta.23.tgz",
      "integrity": "sha512-hmICsj/E8tKSVqzjqLm6PuEeU9UjnhsagxK7Zun3lWsnVYNz2DS+AGO+vBn0TEFpVgJxl6kWCHcwerIPRpqdfQ==",
      "cpu": [
        "ia32"
      ],
      "dev": true,
      "optional": true,
      "os": [
        "win32"
      ],
      "engines": {
        "node": ">= 10"
      }
    },
    "node_modules/@tauri-apps/cli-win32-x64-msvc": {
      "version": "2.0.0-beta.23",
      "resolved": "https://registry.npmjs.org/@tauri-apps/cli-win32-x64-msvc/-/cli-win32-x64-msvc-2.0.0-beta.23.tgz",
      "integrity": "sha512-FKZyIPS8s+vSFxgzMoMUJP5portz3X/bwfh7bthAxr14qKCkM7Z7H59y7hF88gmRkeLvwxNDyDz4+bVi42XMhQ==",
      "cpu": [
        "x64"
      ],
      "dev": true,
      "optional": true,
      "os": [
        "win32"
      ],
      "engines": {
        "node": ">= 10"
      }
    },
    "node_modules/@tauri-apps/plugin-fs": {
      "version": "2.0.0-beta.7",
      "resolved": "https://registry.npmjs.org/@tauri-apps/plugin-fs/-/plugin-fs-2.0.0-beta.7.tgz",
      "integrity": "sha512-hsZyhzvy+xtRfbrKI2rmU1ZfmgbSs7Zu/6a12MFlJKVzqXmUwJvggcjYdm1cEFdLbnOOsszENXbwMnkzmxtirA==",
      "dependencies": {
        "@tauri-apps/api": "2.0.0-beta.15"
      }
    },
    "node_modules/@tauri-apps/plugin-notification": {
      "version": "2.0.0-beta.7",
      "resolved": "https://registry.npmjs.org/@tauri-apps/plugin-notification/-/plugin-notification-2.0.0-beta.7.tgz",
      "integrity": "sha512-8uvbs0b2ByPw0VaBNolSvVEZKIOxarIBB2GZJERjhYcxJDpKcDzaTxPngPa5v98JrNSO62YdJBWXT5yABIpNMw==",
      "dependencies": {
        "@tauri-apps/api": "2.0.0-beta.15"
      }
    },
    "node_modules/@tauri-apps/plugin-process": {
      "version": "2.0.0-beta.7",
      "resolved": "https://registry.npmjs.org/@tauri-apps/plugin-process/-/plugin-process-2.0.0-beta.7.tgz",
      "integrity": "sha512-iK4HYnzeyqAZE5HAKd0mDI7ekYXUqA9azjA9AgL4LscOEHma1XGEP0DlcHn+RrXIvVbI4LwCol9DSNNoIrB0+w==",
      "dependencies": {
        "@tauri-apps/api": "2.0.0-beta.15"
      }
    },
    "node_modules/@tauri-apps/plugin-shell": {
      "version": "2.0.0-beta.8",
      "resolved": "https://registry.npmjs.org/@tauri-apps/plugin-shell/-/plugin-shell-2.0.0-beta.8.tgz",
      "integrity": "sha512-rFXI6MvsCdSGbuKbDu/NaOePREb9YTVTdeugHdvvljnKWW3dvmThBb2h/8Hxj+Z7Cd8MUoRxPeJWUZbPbJ2Imw==",
      "dependencies": {
        "@tauri-apps/api": "2.0.0-beta.15"
      }
    }
  }
}
